
Microsoft Visual Studio Solution File, Format Version 12.00
# Visual Studio Version 16
VisualStudioVersion = 16.0.29806.167
MinimumVisualStudioVersion = 10.0.40219.1
Project("{FAE04EC0-301F-11D3-BF4B-00C04F79EFBC}") = "TupleSecond", "TupleSecond\TupleSecond.csproj", "{59838F5C-05AD-411D-951F-03FE30C3C5CA}"
EndProject
Global
	GlobalSection(SolutionConfigurationPlatforms) = preSolution
		Debug|Any CPU = Debug|Any CPU
		Release|Any CPU = Release|Any CPU
	EndGlobalSection
	GlobalSection(ProjectConfigurationPlatforms) = postSolution
		{59838F5C-05AD-411D-951F-03FE30C3C5CA}.Debug|Any CPU.ActiveCfg = Debug|Any CPU
		{59838F5C-05AD-411D-951F-03FE30C3C5CA}.Debug|Any CPU.Build.0 = Debug|Any CPU
		{59838F5C-05AD-411D-951F-03FE30C3C5CA}.Release|Any CPU.ActiveCfg = Release|Any CPU
		{59838F5C-05AD-411D-951F-03FE30C3C5CA}.Release|Any CPU.Build.0 = Release|Any CPU
	EndGlobalSection
	GlobalSection(SolutionProperties) = preSolution
		HideSolutionNode = FALSE
	EndGlobalSection
	GlobalSection(ExtensibilityGlobals) = postSolution
		SolutionGuid = {E98D29A0-F841-4D2B-9564-8B51ABEC63BD}
	EndGlobalSection
EndGlobal
