
Microsoft Visual Studio Solution File, Format Version 12.00
# Visual Studio Version 16
VisualStudioVersion = 16.0.29806.167
MinimumVisualStudioVersion = 10.0.40219.1
Project("{FAE04EC0-301F-11D3-BF4B-00C04F79EFBC}") = "01.Lootbox", "01.Lootbox\01.Lootbox.csproj", "{3590DF84-5F1A-48F9-A44C-B133E0F6252A}"
EndProject
Project("{FAE04EC0-301F-11D3-BF4B-00C04F79EFBC}") = "02.Re-Volt", "02.Re-Volt\02.Re-Volt.csproj", "{6944727E-09B0-4F8F-8890-4CFCB9A523FA}"
EndProject
Global
	GlobalSection(SolutionConfigurationPlatforms) = preSolution
		Debug|Any CPU = Debug|Any CPU
		Release|Any CPU = Release|Any CPU
	EndGlobalSection
	GlobalSection(ProjectConfigurationPlatforms) = postSolution
		{3590DF84-5F1A-48F9-A44C-B133E0F6252A}.Debug|Any CPU.ActiveCfg = Debug|Any CPU
		{3590DF84-5F1A-48F9-A44C-B133E0F6252A}.Debug|Any CPU.Build.0 = Debug|Any CPU
		{3590DF84-5F1A-48F9-A44C-B133E0F6252A}.Release|Any CPU.ActiveCfg = Release|Any CPU
		{3590DF84-5F1A-48F9-A44C-B133E0F6252A}.Release|Any CPU.Build.0 = Release|Any CPU
		{6944727E-09B0-4F8F-8890-4CFCB9A523FA}.Debug|Any CPU.ActiveCfg = Debug|Any CPU
		{6944727E-09B0-4F8F-8890-4CFCB9A523FA}.Debug|Any CPU.Build.0 = Debug|Any CPU
		{6944727E-09B0-4F8F-8890-4CFCB9A523FA}.Release|Any CPU.ActiveCfg = Release|Any CPU
		{6944727E-09B0-4F8F-8890-4CFCB9A523FA}.Release|Any CPU.Build.0 = Release|Any CPU
	EndGlobalSection
	GlobalSection(SolutionProperties) = preSolution
		HideSolutionNode = FALSE
	EndGlobalSection
	GlobalSection(ExtensibilityGlobals) = postSolution
		SolutionGuid = {A1112869-F80E-4A85-88C3-2ADDAE456125}
	EndGlobalSection
EndGlobal
