
Microsoft Visual Studio Solution File, Format Version 12.00
# Visual Studio Version 16
VisualStudioVersion = 16.0.29806.167
MinimumVisualStudioVersion = 10.0.40219.1
Project("{FAE04EC0-301F-11D3-BF4B-00C04F79EFBC}") = "05.ComparingObjects", "05.ComparingObjects\05.ComparingObjects.csproj", "{F777721B-3B9A-4B8E-A366-DA2F428DCF16}"
EndProject
Global
	GlobalSection(SolutionConfigurationPlatforms) = preSolution
		Debug|Any CPU = Debug|Any CPU
		Release|Any CPU = Release|Any CPU
	EndGlobalSection
	GlobalSection(ProjectConfigurationPlatforms) = postSolution
		{F777721B-3B9A-4B8E-A366-DA2F428DCF16}.Debug|Any CPU.ActiveCfg = Debug|Any CPU
		{F777721B-3B9A-4B8E-A366-DA2F428DCF16}.Debug|Any CPU.Build.0 = Debug|Any CPU
		{F777721B-3B9A-4B8E-A366-DA2F428DCF16}.Release|Any CPU.ActiveCfg = Release|Any CPU
		{F777721B-3B9A-4B8E-A366-DA2F428DCF16}.Release|Any CPU.Build.0 = Release|Any CPU
	EndGlobalSection
	GlobalSection(SolutionProperties) = preSolution
		HideSolutionNode = FALSE
	EndGlobalSection
	GlobalSection(ExtensibilityGlobals) = postSolution
		SolutionGuid = {0F02AD53-915C-4C52-B705-E60B0AAEF16A}
	EndGlobalSection
EndGlobal
